
Microsoft Visual Studio Solution File, Format Version 12.00
Project("{FAE04EC0-301F-11D3-BF4B-00C04F79EFBC}") = "GeometryGuru", "GeometryGuru\GeometryGuru.csproj", "{A057CD28-29BB-41D6-AF26-754B9BA604B0}"
EndProject
Global
	GlobalSection(SolutionConfigurationPlatforms) = preSolution
		Debug|Any CPU = Debug|Any CPU
		Release|Any CPU = Release|Any CPU
	EndGlobalSection
	GlobalSection(ProjectConfigurationPlatforms) = postSolution
		{A057CD28-29BB-41D6-AF26-754B9BA604B0}.Debug|Any CPU.ActiveCfg = Debug|Any CPU
		{A057CD28-29BB-41D6-AF26-754B9BA604B0}.Debug|Any CPU.Build.0 = Debug|Any CPU
		{A057CD28-29BB-41D6-AF26-754B9BA604B0}.Release|Any CPU.ActiveCfg = Release|Any CPU
		{A057CD28-29BB-41D6-AF26-754B9BA604B0}.Release|Any CPU.Build.0 = Release|Any CPU
	EndGlobalSection
EndGlobal
